
Microsoft Visual Studio Solution File, Format Version 12.00
# Visual Studio Version 16
VisualStudioVersion = 16.0.30611.23
MinimumVisualStudioVersion = 10.0.40219.1
Project("{9A19103F-16F7-4668-BE54-9A1E7A4F7556}") = "ComputeFunc", "ComputeFunc\ComputeFunc.csproj", "{B3D164A1-F913-43D8-9310-6CE30DF75276}"
EndProject
Project("{FAE04EC0-301F-11D3-BF4B-00C04F79EFBC}") = "UnitTest", "UnitTest\UnitTest.csproj", "{19B73E84-41AD-4514-B321-0DECA1AAB3CC}"
EndProject
Global
	GlobalSection(SolutionConfigurationPlatforms) = preSolution
		Debug|Any CPU = Debug|Any CPU
		Release|Any CPU = Release|Any CPU
	EndGlobalSection
	GlobalSection(ProjectConfigurationPlatforms) = postSolution
		{B3D164A1-F913-43D8-9310-6CE30DF75276}.Debug|Any CPU.ActiveCfg = Debug|Any CPU
		{B3D164A1-F913-43D8-9310-6CE30DF75276}.Debug|Any CPU.Build.0 = Debug|Any CPU
		{B3D164A1-F913-43D8-9310-6CE30DF75276}.Release|Any CPU.ActiveCfg = Release|Any CPU
		{B3D164A1-F913-43D8-9310-6CE30DF75276}.Release|Any CPU.Build.0 = Release|Any CPU
		{19B73E84-41AD-4514-B321-0DECA1AAB3CC}.Debug|Any CPU.ActiveCfg = Debug|Any CPU
		{19B73E84-41AD-4514-B321-0DECA1AAB3CC}.Debug|Any CPU.Build.0 = Debug|Any CPU
		{19B73E84-41AD-4514-B321-0DECA1AAB3CC}.Release|Any CPU.ActiveCfg = Release|Any CPU
		{19B73E84-41AD-4514-B321-0DECA1AAB3CC}.Release|Any CPU.Build.0 = Release|Any CPU
	EndGlobalSection
	GlobalSection(SolutionProperties) = preSolution
		HideSolutionNode = FALSE
	EndGlobalSection
	GlobalSection(ExtensibilityGlobals) = postSolution
		SolutionGuid = {84896DB8-A981-4BE7-A449-4907D7AA3621}
	EndGlobalSection
EndGlobal
